// !$*UTF8*$!
{
	archiveVersion = 1;
	classes = {
	};
	objectVersion = 52;
	objects = {

/* Begin PBXBuildFile section */
		1C08F77626D673F0005C3999 /* AlertViewer.swift in Sources */ = {isa = PBXBuildFile; fileRef = 1C08F77526D673F0005C3999 /* AlertViewer.swift */; };
		1C08F79426DE720C005C3999 /* View+.swift in Sources */ = {isa = PBXBuildFile; fileRef = 1C08F79326DE720C005C3999 /* View+.swift */; };
		1C0FBE57270C546500560D7A /* events.json in Resources */ = {isa = PBXBuildFile; fileRef = 1C0FBE56270C546500560D7A /* events.json */; };
		1C0FBE59270C79C400560D7A /* MockAPIGraphQLClient.swift in Sources */ = {isa = PBXBuildFile; fileRef = 1C0FBE58270C79C400560D7A /* MockAPIGraphQLClient.swift */; };
		1C0FBE5B270C857A00560D7A /* APIGraphQLClient.swift in Sources */ = {isa = PBXBuildFile; fileRef = 1C0FBE5A270C857A00560D7A /* APIGraphQLClient.swift */; };
		1C0FBE5D270C861A00560D7A /* APIClientProtocol.swift in Sources */ = {isa = PBXBuildFile; fileRef = 1C0FBE5C270C861A00560D7A /* APIClientProtocol.swift */; };
		1C0FBE5F270C870100560D7A /* APIManager.swift in Sources */ = {isa = PBXBuildFile; fileRef = 1C0FBE5E270C870100560D7A /* APIManager.swift */; };
		1C2E2150270DC22F00958B0F /* events.json in Resources */ = {isa = PBXBuildFile; fileRef = 1C0FBE56270C546500560D7A /* events.json */; };
		1C2E2152270DEB9700958B0F /* interviews.json in Resources */ = {isa = PBXBuildFile; fileRef = 1C2E2151270DEB9700958B0F /* interviews.json */; };
		1C2E2153270DEB9700958B0F /* interviews.json in Resources */ = {isa = PBXBuildFile; fileRef = 1C2E2151270DEB9700958B0F /* interviews.json */; };
		1C2E2155270DEC2C00958B0F /* user.json in Resources */ = {isa = PBXBuildFile; fileRef = 1C2E2154270DEC2C00958B0F /* user.json */; };
		1C2E2156270DEC2C00958B0F /* user.json in Resources */ = {isa = PBXBuildFile; fileRef = 1C2E2154270DEC2C00958B0F /* user.json */; };
		1C2E215B2711D58A00958B0F /* VirtualAddress.swift in Sources */ = {isa = PBXBuildFile; fileRef = 1C2E215A2711D58A00958B0F /* VirtualAddress.swift */; };
		1C4E684C271478F10013485D /* timeSlot.json in Resources */ = {isa = PBXBuildFile; fileRef = 1C4E684B271478F10013485D /* timeSlot.json */; };
		1C4E684D271478F10013485D /* timeSlot.json in Resources */ = {isa = PBXBuildFile; fileRef = 1C4E684B271478F10013485D /* timeSlot.json */; };
		1C75E3C926CD5642006FE925 /* Event.swift in Sources */ = {isa = PBXBuildFile; fileRef = 1C75E3C826CD5642006FE925 /* Event.swift */; };
		1C75E3E126CE8247006FE925 /* PhysicalAddress.swift in Sources */ = {isa = PBXBuildFile; fileRef = 1C75E3E026CE8247006FE925 /* PhysicalAddress.swift */; };
		1C75E3E726CE8270006FE925 /* TimeSlot.swift in Sources */ = {isa = PBXBuildFile; fileRef = 1C75E3E626CE8270006FE925 /* TimeSlot.swift */; };
		1C8AC83427231121004A1982 /* API.swift in Sources */ = {isa = PBXBuildFile; fileRef = 1C8AC83327231121004A1982 /* API.swift */; };
		1CD038EF2700C80500CD9F3B /* MapViewer.swift in Sources */ = {isa = PBXBuildFile; fileRef = 1CD038EE2700C80500CD9F3B /* MapViewer.swift */; };
		511A180C26C2DBC400FF6767 /* InterviewViewModel.swift in Sources */ = {isa = PBXBuildFile; fileRef = 511A180B26C2DBC400FF6767 /* InterviewViewModel.swift */; };
		511A180E26C2DBD600FF6767 /* InterviewsViewModel.swift in Sources */ = {isa = PBXBuildFile; fileRef = 511A180D26C2DBD600FF6767 /* InterviewsViewModel.swift */; };
		511A181026C9012B00FF6767 /* InterviewRowView.swift in Sources */ = {isa = PBXBuildFile; fileRef = 511A180F26C9012B00FF6767 /* InterviewRowView.swift */; };
		511A181226C9029500FF6767 /* InterviewDetailView.swift in Sources */ = {isa = PBXBuildFile; fileRef = 511A181126C9029500FF6767 /* InterviewDetailView.swift */; };
		511A181826CA8F7D00FF6767 /* UserViewModel.swift in Sources */ = {isa = PBXBuildFile; fileRef = 511A181726CA8F7D00FF6767 /* UserViewModel.swift */; };
		511A181A26CBE07900FF6767 /* User.swift in Sources */ = {isa = PBXBuildFile; fileRef = 511A181926CBE07900FF6767 /* User.swift */; };
		511A181D26CBE59600FF6767 /* Interview.swift in Sources */ = {isa = PBXBuildFile; fileRef = 511A181C26CBE59600FF6767 /* Interview.swift */; };
		512F3D4B26D3EA5600726EC7 /* TimeSlotViewModel.swift in Sources */ = {isa = PBXBuildFile; fileRef = 512F3D4A26D3EA5600726EC7 /* TimeSlotViewModel.swift */; };
		5132875D26A42F1100D2D6D9 /* EventTimeSlotView.swift in Sources */ = {isa = PBXBuildFile; fileRef = 5132875C26A42F1100D2D6D9 /* EventTimeSlotView.swift */; };
		515F7B1526F0C4F100189806 /* KoHo-Medium.ttf in Resources */ = {isa = PBXBuildFile; fileRef = 515F7B0826F0C4F100189806 /* KoHo-Medium.ttf */; };
		515F7B1626F0C4F100189806 /* KoHo-SemiBold.ttf in Resources */ = {isa = PBXBuildFile; fileRef = 515F7B0926F0C4F100189806 /* KoHo-SemiBold.ttf */; };
		515F7B1726F0C4F100189806 /* KoHo-Light.ttf in Resources */ = {isa = PBXBuildFile; fileRef = 515F7B0A26F0C4F100189806 /* KoHo-Light.ttf */; };
		515F7B1826F0C4F100189806 /* KoHo-Bold.ttf in Resources */ = {isa = PBXBuildFile; fileRef = 515F7B0B26F0C4F100189806 /* KoHo-Bold.ttf */; };
		515F7B1926F0C4F100189806 /* KoHo-ExtraLight.ttf in Resources */ = {isa = PBXBuildFile; fileRef = 515F7B0C26F0C4F100189806 /* KoHo-ExtraLight.ttf */; };
		515F7B1B26F0C4F100189806 /* KoHo-BoldItalic.ttf in Resources */ = {isa = PBXBuildFile; fileRef = 515F7B0E26F0C4F100189806 /* KoHo-BoldItalic.ttf */; };
		515F7B1C26F0C4F100189806 /* KoHo-ExtraLightItalic.ttf in Resources */ = {isa = PBXBuildFile; fileRef = 515F7B0F26F0C4F100189806 /* KoHo-ExtraLightItalic.ttf */; };
		515F7B1D26F0C4F100189806 /* KoHo-MediumItalic.ttf in Resources */ = {isa = PBXBuildFile; fileRef = 515F7B1026F0C4F100189806 /* KoHo-MediumItalic.ttf */; };
		515F7B1E26F0C4F100189806 /* KoHo-Regular.ttf in Resources */ = {isa = PBXBuildFile; fileRef = 515F7B1126F0C4F100189806 /* KoHo-Regular.ttf */; };
		515F7B1F26F0C4F100189806 /* KoHo-SemiBoldItalic.ttf in Resources */ = {isa = PBXBuildFile; fileRef = 515F7B1226F0C4F100189806 /* KoHo-SemiBoldItalic.ttf */; };
		515F7B2026F0C4F100189806 /* KoHo-LightItalic.ttf in Resources */ = {isa = PBXBuildFile; fileRef = 515F7B1326F0C4F100189806 /* KoHo-LightItalic.ttf */; };
		515F7B2126F0C4F100189806 /* KoHo-Italic.ttf in Resources */ = {isa = PBXBuildFile; fileRef = 515F7B1426F0C4F100189806 /* KoHo-Italic.ttf */; };
		515F7B2C26F0C4FF00189806 /* Merriweather-Bold.ttf in Resources */ = {isa = PBXBuildFile; fileRef = 515F7B2326F0C4FF00189806 /* Merriweather-Bold.ttf */; };
		515F7B2D26F0C4FF00189806 /* Merriweather-Regular.ttf in Resources */ = {isa = PBXBuildFile; fileRef = 515F7B2426F0C4FF00189806 /* Merriweather-Regular.ttf */; };
		515F7B2E26F0C4FF00189806 /* Merriweather-Light.ttf in Resources */ = {isa = PBXBuildFile; fileRef = 515F7B2526F0C4FF00189806 /* Merriweather-Light.ttf */; };
		515F7B2F26F0C4FF00189806 /* Merriweather-BoldItalic.ttf in Resources */ = {isa = PBXBuildFile; fileRef = 515F7B2626F0C4FF00189806 /* Merriweather-BoldItalic.ttf */; };
		515F7B3026F0C4FF00189806 /* Merriweather-BlackItalic.ttf in Resources */ = {isa = PBXBuildFile; fileRef = 515F7B2726F0C4FF00189806 /* Merriweather-BlackItalic.ttf */; };
		515F7B3226F0C4FF00189806 /* Merriweather-Italic.ttf in Resources */ = {isa = PBXBuildFile; fileRef = 515F7B2926F0C4FF00189806 /* Merriweather-Italic.ttf */; };
		515F7B3326F0C4FF00189806 /* Merriweather-Black.ttf in Resources */ = {isa = PBXBuildFile; fileRef = 515F7B2A26F0C4FF00189806 /* Merriweather-Black.ttf */; };
		515F7B3426F0C4FF00189806 /* Merriweather-LightItalic.ttf in Resources */ = {isa = PBXBuildFile; fileRef = 515F7B2B26F0C4FF00189806 /* Merriweather-LightItalic.ttf */; };
		515F7B4526F0F16000189806 /* MerriweatherSans-Italic-VariableFont_wght.ttf in Resources */ = {isa = PBXBuildFile; fileRef = 515F7B3626F0F16000189806 /* MerriweatherSans-Italic-VariableFont_wght.ttf */; };
		515F7B4626F0F16000189806 /* MerriweatherSans-ExtraBoldItalic.ttf in Resources */ = {isa = PBXBuildFile; fileRef = 515F7B3826F0F16000189806 /* MerriweatherSans-ExtraBoldItalic.ttf */; };
		515F7B4726F0F16000189806 /* MerriweatherSans-MediumItalic.ttf in Resources */ = {isa = PBXBuildFile; fileRef = 515F7B3926F0F16000189806 /* MerriweatherSans-MediumItalic.ttf */; };
		515F7B4826F0F16100189806 /* MerriweatherSans-Bold.ttf in Resources */ = {isa = PBXBuildFile; fileRef = 515F7B3A26F0F16000189806 /* MerriweatherSans-Bold.ttf */; };
		515F7B4926F0F16100189806 /* MerriweatherSans-ExtraBold.ttf in Resources */ = {isa = PBXBuildFile; fileRef = 515F7B3B26F0F16000189806 /* MerriweatherSans-ExtraBold.ttf */; };
		515F7B4A26F0F16100189806 /* MerriweatherSans-Italic.ttf in Resources */ = {isa = PBXBuildFile; fileRef = 515F7B3C26F0F16000189806 /* MerriweatherSans-Italic.ttf */; };
		515F7B4B26F0F16100189806 /* MerriweatherSans-BoldItalic.ttf in Resources */ = {isa = PBXBuildFile; fileRef = 515F7B3D26F0F16000189806 /* MerriweatherSans-BoldItalic.ttf */; };
		515F7B4C26F0F16100189806 /* MerriweatherSans-Regular.ttf in Resources */ = {isa = PBXBuildFile; fileRef = 515F7B3E26F0F16000189806 /* MerriweatherSans-Regular.ttf */; };
		515F7B4D26F0F16100189806 /* MerriweatherSans-LightItalic.ttf in Resources */ = {isa = PBXBuildFile; fileRef = 515F7B3F26F0F16000189806 /* MerriweatherSans-LightItalic.ttf */; };
		515F7B4E26F0F16100189806 /* MerriweatherSans-Medium.ttf in Resources */ = {isa = PBXBuildFile; fileRef = 515F7B4026F0F16000189806 /* MerriweatherSans-Medium.ttf */; };
		515F7B4F26F0F16100189806 /* MerriweatherSans-SemiBoldItalic.ttf in Resources */ = {isa = PBXBuildFile; fileRef = 515F7B4126F0F16000189806 /* MerriweatherSans-SemiBoldItalic.ttf */; };
		515F7B5026F0F16100189806 /* MerriweatherSans-Light.ttf in Resources */ = {isa = PBXBuildFile; fileRef = 515F7B4226F0F16000189806 /* MerriweatherSans-Light.ttf */; };
		515F7B5126F0F16100189806 /* MerriweatherSans-SemiBold.ttf in Resources */ = {isa = PBXBuildFile; fileRef = 515F7B4326F0F16000189806 /* MerriweatherSans-SemiBold.ttf */; };
		515F7B5226F0F16100189806 /* MerriweatherSans-VariableFont_wght.ttf in Resources */ = {isa = PBXBuildFile; fileRef = 515F7B4426F0F16000189806 /* MerriweatherSans-VariableFont_wght.ttf */; };
		515F7B5626F22AD700189806 /* Launch Screen.storyboard in Resources */ = {isa = PBXBuildFile; fileRef = 515F7B5526F22AD700189806 /* Launch Screen.storyboard */; };
		515F7B9426F77ECA00189806 /* EventTimeSlotsView.swift in Sources */ = {isa = PBXBuildFile; fileRef = 515F7B9326F77ECA00189806 /* EventTimeSlotsView.swift */; };
		516EA572264EC32E007E3508 /* EventRowView.swift in Sources */ = {isa = PBXBuildFile; fileRef = 516EA571264EC32E007E3508 /* EventRowView.swift */; };
		516EA574265105B5007E3508 /* MainView.swift in Sources */ = {isa = PBXBuildFile; fileRef = 516EA573265105B5007E3508 /* MainView.swift */; };
		516EA576265105FB007E3508 /* InterviewsView.swift in Sources */ = {isa = PBXBuildFile; fileRef = 516EA575265105FB007E3508 /* InterviewsView.swift */; };
		516EA57826510610007E3508 /* EventsView.swift in Sources */ = {isa = PBXBuildFile; fileRef = 516EA57726510610007E3508 /* EventsView.swift */; };
		516EA57E26516F35007E3508 /* ProfileView.swift in Sources */ = {isa = PBXBuildFile; fileRef = 516EA57D26516F35007E3508 /* ProfileView.swift */; };
		516EA58126543763007E3508 /* ApolloCore in Frameworks */ = {isa = PBXBuildFile; productRef = 516EA58026543763007E3508 /* ApolloCore */; };
		516EA58326543763007E3508 /* ApolloSQLite in Frameworks */ = {isa = PBXBuildFile; productRef = 516EA58226543763007E3508 /* ApolloSQLite */; };
		516EA58526543763007E3508 /* ApolloWebSocket in Frameworks */ = {isa = PBXBuildFile; productRef = 516EA58426543763007E3508 /* ApolloWebSocket */; };
		516EA58726543763007E3508 /* Apollo in Frameworks */ = {isa = PBXBuildFile; productRef = 516EA58626543763007E3508 /* Apollo */; };
		516EA58D26543763007E3508 /* ApolloCodegenLib in Frameworks */ = {isa = PBXBuildFile; productRef = 516EA58C26543763007E3508 /* ApolloCodegenLib */; };
		516EA592265443F7007E3508 /* API.graphql in Resources */ = {isa = PBXBuildFile; fileRef = 516EA591265443F7007E3508 /* API.graphql */; };
		516EA599265908B6007E3508 /* KeychainSwift in Frameworks */ = {isa = PBXBuildFile; productRef = 516EA598265908B6007E3508 /* KeychainSwift */; };
		516EA59D265C0902007E3508 /* TokenAddingInterceptor.swift in Sources */ = {isa = PBXBuildFile; fileRef = 516EA59C265C0902007E3508 /* TokenAddingInterceptor.swift */; };
		516EA5A2265C18E8007E3508 /* NetworkInterceptorProvider.swift in Sources */ = {isa = PBXBuildFile; fileRef = 516EA5A1265C18E8007E3508 /* NetworkInterceptorProvider.swift */; };
		516EA5A4265CDA71007E3508 /* EventViewModel.swift in Sources */ = {isa = PBXBuildFile; fileRef = 516EA5A3265CDA71007E3508 /* EventViewModel.swift */; };
		518478C4269F469C00C9AE34 /* EventsViewModel.swift in Sources */ = {isa = PBXBuildFile; fileRef = 518478C3269F469C00C9AE34 /* EventsViewModel.swift */; };
		5194244B267DE852001EBCAD /* AddEventView.swift in Sources */ = {isa = PBXBuildFile; fileRef = 5194244A267DE852001EBCAD /* AddEventView.swift */; };
		51995B0226BEC37200F3CF26 /* schema.json in Resources */ = {isa = PBXBuildFile; fileRef = 51995B0126BEC37200F3CF26 /* schema.json */; };
		519D473326D2B6810010DABC /* Event+.swift in Sources */ = {isa = PBXBuildFile; fileRef = 519D473226D2B6810010DABC /* Event+.swift */; };
		519D473526D2B70B0010DABC /* DateFormatter.swift in Sources */ = {isa = PBXBuildFile; fileRef = 519D473426D2B70B0010DABC /* DateFormatter.swift */; };
		519D473726D2BAA50010DABC /* Interview+.swift in Sources */ = {isa = PBXBuildFile; fileRef = 519D473626D2BAA50010DABC /* Interview+.swift */; };
		519D473926D2BEAE0010DABC /* TimeSlot+.swift in Sources */ = {isa = PBXBuildFile; fileRef = 519D473826D2BEAE0010DABC /* TimeSlot+.swift */; };
		51DBE57E265D51FE0046A366 /* EventDetailView.swift in Sources */ = {isa = PBXBuildFile; fileRef = 51DBE57D265D51FE0046A366 /* EventDetailView.swift */; };
		51ECEDCA26233A2800D4C67E /* ImpresarioApp.swift in Sources */ = {isa = PBXBuildFile; fileRef = 51ECEDC926233A2800D4C67E /* ImpresarioApp.swift */; };
		51ECEDCE26233A2B00D4C67E /* Assets.xcassets in Resources */ = {isa = PBXBuildFile; fileRef = 51ECEDCD26233A2B00D4C67E /* Assets.xcassets */; };
		51ECEDD126233A2B00D4C67E /* Preview Assets.xcassets in Resources */ = {isa = PBXBuildFile; fileRef = 51ECEDD026233A2B00D4C67E /* Preview Assets.xcassets */; };
		51ECEDDC26233A2C00D4C67E /* ImpresarioTests.swift in Sources */ = {isa = PBXBuildFile; fileRef = 51ECEDDB26233A2C00D4C67E /* ImpresarioTests.swift */; };
		51ECEDE726233A2C00D4C67E /* ImpresarioUITests.swift in Sources */ = {isa = PBXBuildFile; fileRef = 51ECEDE626233A2C00D4C67E /* ImpresarioUITests.swift */; };
		51ECEDFE2623428A00D4C67E /* AuthenticationView.swift in Sources */ = {isa = PBXBuildFile; fileRef = 51ECEDFD2623428A00D4C67E /* AuthenticationView.swift */; };
		51ECEE032623429D00D4C67E /* RegisterView.swift in Sources */ = {isa = PBXBuildFile; fileRef = 51ECEE022623429D00D4C67E /* RegisterView.swift */; };
		51ECEE1126357E5500D4C67E /* StartView.swift in Sources */ = {isa = PBXBuildFile; fileRef = 51ECEE1026357E5500D4C67E /* StartView.swift */; };
/* End PBXBuildFile section */

/* Begin PBXContainerItemProxy section */
		51ECEDD826233A2C00D4C67E /* PBXContainerItemProxy */ = {
			isa = PBXContainerItemProxy;
			containerPortal = 51ECEDBE26233A2800D4C67E /* Project object */;
			proxyType = 1;
			remoteGlobalIDString = 51ECEDC526233A2800D4C67E;
			remoteInfo = Impresario;
		};
		51ECEDE326233A2C00D4C67E /* PBXContainerItemProxy */ = {
			isa = PBXContainerItemProxy;
			containerPortal = 51ECEDBE26233A2800D4C67E /* Project object */;
			proxyType = 1;
			remoteGlobalIDString = 51ECEDC526233A2800D4C67E;
			remoteInfo = Impresario;
		};
/* End PBXContainerItemProxy section */

/* Begin PBXCopyFilesBuildPhase section */
		516EA58A26543763007E3508 /* Embed Frameworks */ = {
			isa = PBXCopyFilesBuildPhase;
			buildActionMask = 2147483647;
			dstPath = "";
			dstSubfolderSpec = 10;
			files = (
			);
			name = "Embed Frameworks";
			runOnlyForDeploymentPostprocessing = 0;
		};
/* End PBXCopyFilesBuildPhase section */

/* Begin PBXFileReference section */
		1C08F77526D673F0005C3999 /* AlertViewer.swift */ = {isa = PBXFileReference; lastKnownFileType = sourcecode.swift; path = AlertViewer.swift; sourceTree = "<group>"; };
		1C08F79326DE720C005C3999 /* View+.swift */ = {isa = PBXFileReference; lastKnownFileType = sourcecode.swift; path = "View+.swift"; sourceTree = "<group>"; };
		1C0FBE56270C546500560D7A /* events.json */ = {isa = PBXFileReference; lastKnownFileType = text.json; path = events.json; sourceTree = "<group>"; };
		1C0FBE58270C79C400560D7A /* MockAPIGraphQLClient.swift */ = {isa = PBXFileReference; lastKnownFileType = sourcecode.swift; path = MockAPIGraphQLClient.swift; sourceTree = "<group>"; };
		1C0FBE5A270C857A00560D7A /* APIGraphQLClient.swift */ = {isa = PBXFileReference; lastKnownFileType = sourcecode.swift; path = APIGraphQLClient.swift; sourceTree = "<group>"; };
		1C0FBE5C270C861A00560D7A /* APIClientProtocol.swift */ = {isa = PBXFileReference; lastKnownFileType = sourcecode.swift; path = APIClientProtocol.swift; sourceTree = "<group>"; };
		1C0FBE5E270C870100560D7A /* APIManager.swift */ = {isa = PBXFileReference; lastKnownFileType = sourcecode.swift; path = APIManager.swift; sourceTree = "<group>"; };
		1C2E2151270DEB9700958B0F /* interviews.json */ = {isa = PBXFileReference; lastKnownFileType = text.json; path = interviews.json; sourceTree = "<group>"; };
		1C2E2154270DEC2C00958B0F /* user.json */ = {isa = PBXFileReference; lastKnownFileType = text.json; path = user.json; sourceTree = "<group>"; };
		1C2E215A2711D58A00958B0F /* VirtualAddress.swift */ = {isa = PBXFileReference; lastKnownFileType = sourcecode.swift; path = VirtualAddress.swift; sourceTree = "<group>"; };
		1C4E684B271478F10013485D /* timeSlot.json */ = {isa = PBXFileReference; lastKnownFileType = text.json; path = timeSlot.json; sourceTree = "<group>"; };
		1C75E3C826CD5642006FE925 /* Event.swift */ = {isa = PBXFileReference; lastKnownFileType = sourcecode.swift; path = Event.swift; sourceTree = "<group>"; };
		1C75E3E026CE8247006FE925 /* PhysicalAddress.swift */ = {isa = PBXFileReference; lastKnownFileType = sourcecode.swift; path = PhysicalAddress.swift; sourceTree = "<group>"; };
		1C75E3E626CE8270006FE925 /* TimeSlot.swift */ = {isa = PBXFileReference; lastKnownFileType = sourcecode.swift; path = TimeSlot.swift; sourceTree = "<group>"; };
		1C8AC83327231121004A1982 /* API.swift */ = {isa = PBXFileReference; fileEncoding = 4; lastKnownFileType = sourcecode.swift; path = API.swift; sourceTree = "<group>"; };
		1CD038EE2700C80500CD9F3B /* MapViewer.swift */ = {isa = PBXFileReference; lastKnownFileType = sourcecode.swift; path = MapViewer.swift; sourceTree = "<group>"; };
		511A180B26C2DBC400FF6767 /* InterviewViewModel.swift */ = {isa = PBXFileReference; lastKnownFileType = sourcecode.swift; path = InterviewViewModel.swift; sourceTree = "<group>"; };
		511A180D26C2DBD600FF6767 /* InterviewsViewModel.swift */ = {isa = PBXFileReference; lastKnownFileType = sourcecode.swift; path = InterviewsViewModel.swift; sourceTree = "<group>"; };
		511A180F26C9012B00FF6767 /* InterviewRowView.swift */ = {isa = PBXFileReference; lastKnownFileType = sourcecode.swift; path = InterviewRowView.swift; sourceTree = "<group>"; };
		511A181126C9029500FF6767 /* InterviewDetailView.swift */ = {isa = PBXFileReference; lastKnownFileType = sourcecode.swift; path = InterviewDetailView.swift; sourceTree = "<group>"; };
		511A181726CA8F7D00FF6767 /* UserViewModel.swift */ = {isa = PBXFileReference; lastKnownFileType = sourcecode.swift; path = UserViewModel.swift; sourceTree = "<group>"; };
		511A181926CBE07900FF6767 /* User.swift */ = {isa = PBXFileReference; lastKnownFileType = sourcecode.swift; path = User.swift; sourceTree = "<group>"; };
		511A181C26CBE59600FF6767 /* Interview.swift */ = {isa = PBXFileReference; lastKnownFileType = sourcecode.swift; path = Interview.swift; sourceTree = "<group>"; };
		512F3D4A26D3EA5600726EC7 /* TimeSlotViewModel.swift */ = {isa = PBXFileReference; lastKnownFileType = sourcecode.swift; path = TimeSlotViewModel.swift; sourceTree = "<group>"; };
		5132875C26A42F1100D2D6D9 /* EventTimeSlotView.swift */ = {isa = PBXFileReference; lastKnownFileType = sourcecode.swift; path = EventTimeSlotView.swift; sourceTree = "<group>"; };
		515F7B0826F0C4F100189806 /* KoHo-Medium.ttf */ = {isa = PBXFileReference; lastKnownFileType = file; path = "KoHo-Medium.ttf"; sourceTree = "<group>"; };
		515F7B0926F0C4F100189806 /* KoHo-SemiBold.ttf */ = {isa = PBXFileReference; lastKnownFileType = file; path = "KoHo-SemiBold.ttf"; sourceTree = "<group>"; };
		515F7B0A26F0C4F100189806 /* KoHo-Light.ttf */ = {isa = PBXFileReference; lastKnownFileType = file; path = "KoHo-Light.ttf"; sourceTree = "<group>"; };
		515F7B0B26F0C4F100189806 /* KoHo-Bold.ttf */ = {isa = PBXFileReference; lastKnownFileType = file; path = "KoHo-Bold.ttf"; sourceTree = "<group>"; };
		515F7B0C26F0C4F100189806 /* KoHo-ExtraLight.ttf */ = {isa = PBXFileReference; lastKnownFileType = file; path = "KoHo-ExtraLight.ttf"; sourceTree = "<group>"; };
		515F7B0E26F0C4F100189806 /* KoHo-BoldItalic.ttf */ = {isa = PBXFileReference; lastKnownFileType = file; path = "KoHo-BoldItalic.ttf"; sourceTree = "<group>"; };
		515F7B0F26F0C4F100189806 /* KoHo-ExtraLightItalic.ttf */ = {isa = PBXFileReference; lastKnownFileType = file; path = "KoHo-ExtraLightItalic.ttf"; sourceTree = "<group>"; };
		515F7B1026F0C4F100189806 /* KoHo-MediumItalic.ttf */ = {isa = PBXFileReference; lastKnownFileType = file; path = "KoHo-MediumItalic.ttf"; sourceTree = "<group>"; };
		515F7B1126F0C4F100189806 /* KoHo-Regular.ttf */ = {isa = PBXFileReference; lastKnownFileType = file; path = "KoHo-Regular.ttf"; sourceTree = "<group>"; };
		515F7B1226F0C4F100189806 /* KoHo-SemiBoldItalic.ttf */ = {isa = PBXFileReference; lastKnownFileType = file; path = "KoHo-SemiBoldItalic.ttf"; sourceTree = "<group>"; };
		515F7B1326F0C4F100189806 /* KoHo-LightItalic.ttf */ = {isa = PBXFileReference; lastKnownFileType = file; path = "KoHo-LightItalic.ttf"; sourceTree = "<group>"; };
		515F7B1426F0C4F100189806 /* KoHo-Italic.ttf */ = {isa = PBXFileReference; lastKnownFileType = file; path = "KoHo-Italic.ttf"; sourceTree = "<group>"; };
		515F7B2326F0C4FF00189806 /* Merriweather-Bold.ttf */ = {isa = PBXFileReference; lastKnownFileType = file; path = "Merriweather-Bold.ttf"; sourceTree = "<group>"; };
		515F7B2426F0C4FF00189806 /* Merriweather-Regular.ttf */ = {isa = PBXFileReference; lastKnownFileType = file; path = "Merriweather-Regular.ttf"; sourceTree = "<group>"; };
		515F7B2526F0C4FF00189806 /* Merriweather-Light.ttf */ = {isa = PBXFileReference; lastKnownFileType = file; path = "Merriweather-Light.ttf"; sourceTree = "<group>"; };
		515F7B2626F0C4FF00189806 /* Merriweather-BoldItalic.ttf */ = {isa = PBXFileReference; lastKnownFileType = file; path = "Merriweather-BoldItalic.ttf"; sourceTree = "<group>"; };
		515F7B2726F0C4FF00189806 /* Merriweather-BlackItalic.ttf */ = {isa = PBXFileReference; lastKnownFileType = file; path = "Merriweather-BlackItalic.ttf"; sourceTree = "<group>"; };
		515F7B2926F0C4FF00189806 /* Merriweather-Italic.ttf */ = {isa = PBXFileReference; lastKnownFileType = file; path = "Merriweather-Italic.ttf"; sourceTree = "<group>"; };
		515F7B2A26F0C4FF00189806 /* Merriweather-Black.ttf */ = {isa = PBXFileReference; lastKnownFileType = file; path = "Merriweather-Black.ttf"; sourceTree = "<group>"; };
		515F7B2B26F0C4FF00189806 /* Merriweather-LightItalic.ttf */ = {isa = PBXFileReference; lastKnownFileType = file; path = "Merriweather-LightItalic.ttf"; sourceTree = "<group>"; };
		515F7B3626F0F16000189806 /* MerriweatherSans-Italic-VariableFont_wght.ttf */ = {isa = PBXFileReference; lastKnownFileType = file; path = "MerriweatherSans-Italic-VariableFont_wght.ttf"; sourceTree = "<group>"; };
		515F7B3826F0F16000189806 /* MerriweatherSans-ExtraBoldItalic.ttf */ = {isa = PBXFileReference; lastKnownFileType = file; path = "MerriweatherSans-ExtraBoldItalic.ttf"; sourceTree = "<group>"; };
		515F7B3926F0F16000189806 /* MerriweatherSans-MediumItalic.ttf */ = {isa = PBXFileReference; lastKnownFileType = file; path = "MerriweatherSans-MediumItalic.ttf"; sourceTree = "<group>"; };
		515F7B3A26F0F16000189806 /* MerriweatherSans-Bold.ttf */ = {isa = PBXFileReference; lastKnownFileType = file; path = "MerriweatherSans-Bold.ttf"; sourceTree = "<group>"; };
		515F7B3B26F0F16000189806 /* MerriweatherSans-ExtraBold.ttf */ = {isa = PBXFileReference; lastKnownFileType = file; path = "MerriweatherSans-ExtraBold.ttf"; sourceTree = "<group>"; };
		515F7B3C26F0F16000189806 /* MerriweatherSans-Italic.ttf */ = {isa = PBXFileReference; lastKnownFileType = file; path = "MerriweatherSans-Italic.ttf"; sourceTree = "<group>"; };
		515F7B3D26F0F16000189806 /* MerriweatherSans-BoldItalic.ttf */ = {isa = PBXFileReference; lastKnownFileType = file; path = "MerriweatherSans-BoldItalic.ttf"; sourceTree = "<group>"; };
		515F7B3E26F0F16000189806 /* MerriweatherSans-Regular.ttf */ = {isa = PBXFileReference; lastKnownFileType = file; path = "MerriweatherSans-Regular.ttf"; sourceTree = "<group>"; };
		515F7B3F26F0F16000189806 /* MerriweatherSans-LightItalic.ttf */ = {isa = PBXFileReference; lastKnownFileType = file; path = "MerriweatherSans-LightItalic.ttf"; sourceTree = "<group>"; };
		515F7B4026F0F16000189806 /* MerriweatherSans-Medium.ttf */ = {isa = PBXFileReference; lastKnownFileType = file; path = "MerriweatherSans-Medium.ttf"; sourceTree = "<group>"; };
		515F7B4126F0F16000189806 /* MerriweatherSans-SemiBoldItalic.ttf */ = {isa = PBXFileReference; lastKnownFileType = file; path = "MerriweatherSans-SemiBoldItalic.ttf"; sourceTree = "<group>"; };
		515F7B4226F0F16000189806 /* MerriweatherSans-Light.ttf */ = {isa = PBXFileReference; lastKnownFileType = file; path = "MerriweatherSans-Light.ttf"; sourceTree = "<group>"; };
		515F7B4326F0F16000189806 /* MerriweatherSans-SemiBold.ttf */ = {isa = PBXFileReference; lastKnownFileType = file; path = "MerriweatherSans-SemiBold.ttf"; sourceTree = "<group>"; };
		515F7B4426F0F16000189806 /* MerriweatherSans-VariableFont_wght.ttf */ = {isa = PBXFileReference; lastKnownFileType = file; path = "MerriweatherSans-VariableFont_wght.ttf"; sourceTree = "<group>"; };
		515F7B5526F22AD700189806 /* Launch Screen.storyboard */ = {isa = PBXFileReference; lastKnownFileType = file.storyboard; path = "Launch Screen.storyboard"; sourceTree = "<group>"; };
		515F7B9326F77ECA00189806 /* EventTimeSlotsView.swift */ = {isa = PBXFileReference; lastKnownFileType = sourcecode.swift; path = EventTimeSlotsView.swift; sourceTree = "<group>"; };
		516EA571264EC32E007E3508 /* EventRowView.swift */ = {isa = PBXFileReference; lastKnownFileType = sourcecode.swift; path = EventRowView.swift; sourceTree = "<group>"; };
		516EA573265105B5007E3508 /* MainView.swift */ = {isa = PBXFileReference; lastKnownFileType = sourcecode.swift; path = MainView.swift; sourceTree = "<group>"; };
		516EA575265105FB007E3508 /* InterviewsView.swift */ = {isa = PBXFileReference; lastKnownFileType = sourcecode.swift; path = InterviewsView.swift; sourceTree = "<group>"; };
		516EA57726510610007E3508 /* EventsView.swift */ = {isa = PBXFileReference; lastKnownFileType = sourcecode.swift; path = EventsView.swift; sourceTree = "<group>"; };
		516EA57D26516F35007E3508 /* ProfileView.swift */ = {isa = PBXFileReference; lastKnownFileType = sourcecode.swift; path = ProfileView.swift; sourceTree = "<group>"; };
		516EA591265443F7007E3508 /* API.graphql */ = {isa = PBXFileReference; lastKnownFileType = text; path = API.graphql; sourceTree = "<group>"; };
		516EA59C265C0902007E3508 /* TokenAddingInterceptor.swift */ = {isa = PBXFileReference; lastKnownFileType = sourcecode.swift; path = TokenAddingInterceptor.swift; sourceTree = "<group>"; };
		516EA5A1265C18E8007E3508 /* NetworkInterceptorProvider.swift */ = {isa = PBXFileReference; lastKnownFileType = sourcecode.swift; path = NetworkInterceptorProvider.swift; sourceTree = "<group>"; };
		516EA5A3265CDA71007E3508 /* EventViewModel.swift */ = {isa = PBXFileReference; lastKnownFileType = sourcecode.swift; path = EventViewModel.swift; sourceTree = "<group>"; };
		518478C3269F469C00C9AE34 /* EventsViewModel.swift */ = {isa = PBXFileReference; lastKnownFileType = sourcecode.swift; path = EventsViewModel.swift; sourceTree = "<group>"; };
		5194244A267DE852001EBCAD /* AddEventView.swift */ = {isa = PBXFileReference; lastKnownFileType = sourcecode.swift; path = AddEventView.swift; sourceTree = "<group>"; };
		51995B0126BEC37200F3CF26 /* schema.json */ = {isa = PBXFileReference; fileEncoding = 4; lastKnownFileType = text.json; path = schema.json; sourceTree = "<group>"; };
		519D473226D2B6810010DABC /* Event+.swift */ = {isa = PBXFileReference; lastKnownFileType = sourcecode.swift; name = "Event+.swift"; path = "Impresario/Event+.swift"; sourceTree = SOURCE_ROOT; };
		519D473426D2B70B0010DABC /* DateFormatter.swift */ = {isa = PBXFileReference; lastKnownFileType = sourcecode.swift; path = DateFormatter.swift; sourceTree = "<group>"; };
		519D473626D2BAA50010DABC /* Interview+.swift */ = {isa = PBXFileReference; lastKnownFileType = sourcecode.swift; name = "Interview+.swift"; path = "Impresario/Interview+.swift"; sourceTree = SOURCE_ROOT; };
		519D473826D2BEAE0010DABC /* TimeSlot+.swift */ = {isa = PBXFileReference; lastKnownFileType = sourcecode.swift; name = "TimeSlot+.swift"; path = "Impresario/TimeSlot+.swift"; sourceTree = SOURCE_ROOT; };
		51DBE57D265D51FE0046A366 /* EventDetailView.swift */ = {isa = PBXFileReference; lastKnownFileType = sourcecode.swift; path = EventDetailView.swift; sourceTree = "<group>"; };
		51ECEDC626233A2800D4C67E /* Impresario.app */ = {isa = PBXFileReference; explicitFileType = wrapper.application; includeInIndex = 0; path = Impresario.app; sourceTree = BUILT_PRODUCTS_DIR; };
		51ECEDC926233A2800D4C67E /* ImpresarioApp.swift */ = {isa = PBXFileReference; lastKnownFileType = sourcecode.swift; path = ImpresarioApp.swift; sourceTree = "<group>"; };
		51ECEDCD26233A2B00D4C67E /* Assets.xcassets */ = {isa = PBXFileReference; lastKnownFileType = folder.assetcatalog; path = Assets.xcassets; sourceTree = "<group>"; };
		51ECEDD026233A2B00D4C67E /* Preview Assets.xcassets */ = {isa = PBXFileReference; lastKnownFileType = folder.assetcatalog; path = "Preview Assets.xcassets"; sourceTree = "<group>"; };
		51ECEDD226233A2B00D4C67E /* Info.plist */ = {isa = PBXFileReference; lastKnownFileType = text.plist.xml; path = Info.plist; sourceTree = "<group>"; };
		51ECEDD726233A2C00D4C67E /* ImpresarioTests.xctest */ = {isa = PBXFileReference; explicitFileType = wrapper.cfbundle; includeInIndex = 0; path = ImpresarioTests.xctest; sourceTree = BUILT_PRODUCTS_DIR; };
		51ECEDDB26233A2C00D4C67E /* ImpresarioTests.swift */ = {isa = PBXFileReference; lastKnownFileType = sourcecode.swift; path = ImpresarioTests.swift; sourceTree = "<group>"; };
		51ECEDDD26233A2C00D4C67E /* Info.plist */ = {isa = PBXFileReference; lastKnownFileType = text.plist.xml; path = Info.plist; sourceTree = "<group>"; };
		51ECEDE226233A2C00D4C67E /* ImpresarioUITests.xctest */ = {isa = PBXFileReference; explicitFileType = wrapper.cfbundle; includeInIndex = 0; path = ImpresarioUITests.xctest; sourceTree = BUILT_PRODUCTS_DIR; };
		51ECEDE626233A2C00D4C67E /* ImpresarioUITests.swift */ = {isa = PBXFileReference; lastKnownFileType = sourcecode.swift; path = ImpresarioUITests.swift; sourceTree = "<group>"; };
		51ECEDE826233A2C00D4C67E /* Info.plist */ = {isa = PBXFileReference; lastKnownFileType = text.plist.xml; path = Info.plist; sourceTree = "<group>"; };
		51ECEDFD2623428A00D4C67E /* AuthenticationView.swift */ = {isa = PBXFileReference; lastKnownFileType = sourcecode.swift; path = AuthenticationView.swift; sourceTree = "<group>"; };
		51ECEE022623429D00D4C67E /* RegisterView.swift */ = {isa = PBXFileReference; lastKnownFileType = sourcecode.swift; path = RegisterView.swift; sourceTree = "<group>"; };
		51ECEE1026357E5500D4C67E /* StartView.swift */ = {isa = PBXFileReference; lastKnownFileType = sourcecode.swift; path = StartView.swift; sourceTree = "<group>"; };
/* End PBXFileReference section */

/* Begin PBXFrameworksBuildPhase section */
		51ECEDC326233A2800D4C67E /* Frameworks */ = {
			isa = PBXFrameworksBuildPhase;
			buildActionMask = 2147483647;
			files = (
				516EA599265908B6007E3508 /* KeychainSwift in Frameworks */,
				516EA58126543763007E3508 /* ApolloCore in Frameworks */,
				516EA58D26543763007E3508 /* ApolloCodegenLib in Frameworks */,
				516EA58726543763007E3508 /* Apollo in Frameworks */,
				516EA58526543763007E3508 /* ApolloWebSocket in Frameworks */,
				516EA58326543763007E3508 /* ApolloSQLite in Frameworks */,
			);
			runOnlyForDeploymentPostprocessing = 0;
		};
		51ECEDD426233A2C00D4C67E /* Frameworks */ = {
			isa = PBXFrameworksBuildPhase;
			buildActionMask = 2147483647;
			files = (
			);
			runOnlyForDeploymentPostprocessing = 0;
		};
		51ECEDDF26233A2C00D4C67E /* Frameworks */ = {
			isa = PBXFrameworksBuildPhase;
			buildActionMask = 2147483647;
			files = (
			);
			runOnlyForDeploymentPostprocessing = 0;
		};
/* End PBXFrameworksBuildPhase section */

/* Begin PBXGroup section */
		1C0FBE55270C471900560D7A /* API */ = {
			isa = PBXGroup;
			children = (
				516EA591265443F7007E3508 /* API.graphql */,
				1C8AC83327231121004A1982 /* API.swift */,
				1C0FBE5C270C861A00560D7A /* APIClientProtocol.swift */,
				1C0FBE5A270C857A00560D7A /* APIGraphQLClient.swift */,
				1C0FBE5E270C870100560D7A /* APIManager.swift */,
				51995B0126BEC37200F3CF26 /* schema.json */,
			);
			path = API;
			sourceTree = "<group>";
		};
		1C75E3C126CD4DE2006FE925 /* Extensions */ = {
			isa = PBXGroup;
			children = (
				519D473226D2B6810010DABC /* Event+.swift */,
				519D473626D2BAA50010DABC /* Interview+.swift */,
				519D473826D2BEAE0010DABC /* TimeSlot+.swift */,
				1C08F79326DE720C005C3999 /* View+.swift */,
			);
			path = Extensions;
			sourceTree = "<group>";
		};
		1C75E3EA26CE866B006FE925 /* Infrastructure */ = {
			isa = PBXGroup;
			children = (
				1C0FBE55270C471900560D7A /* API */,
				1C75E3EC26CE89C5006FE925 /* Library */,
			);
			path = Infrastructure;
			sourceTree = "<group>";
		};
		1C75E3EC26CE89C5006FE925 /* Library */ = {
			isa = PBXGroup;
			children = (
				1C75E3EE26CE8C2E006FE925 /* Apollo */,
			);
			path = Library;
			sourceTree = "<group>";
		};
		1C75E3EE26CE8C2E006FE925 /* Apollo */ = {
			isa = PBXGroup;
			children = (
				516EA5A1265C18E8007E3508 /* NetworkInterceptorProvider.swift */,
				516EA59C265C0902007E3508 /* TokenAddingInterceptor.swift */,
			);
			path = Apollo;
			sourceTree = "<group>";
		};
		1C8AC82F2722F5E5004A1982 /* Data */ = {
			isa = PBXGroup;
			children = (
				1C0FBE56270C546500560D7A /* events.json */,
				1C2E2151270DEB9700958B0F /* interviews.json */,
				1C4E684B271478F10013485D /* timeSlot.json */,
				1C2E2154270DEC2C00958B0F /* user.json */,
			);
			path = Data;
			sourceTree = "<group>";
		};
		1C8AC8302722FD21004A1982 /* Utils */ = {
			isa = PBXGroup;
			children = (
				1C08F77526D673F0005C3999 /* AlertViewer.swift */,
				519D473426D2B70B0010DABC /* DateFormatter.swift */,
				1CD038EE2700C80500CD9F3B /* MapViewer.swift */,
			);
			path = Utils;
			sourceTree = "<group>";
		};
		511A181B26CBE4F700FF6767 /* ViewModels */ = {
			isa = PBXGroup;
			children = (
				518478C3269F469C00C9AE34 /* EventsViewModel.swift */,
				516EA5A3265CDA71007E3508 /* EventViewModel.swift */,
				511A180D26C2DBD600FF6767 /* InterviewsViewModel.swift */,
				511A180B26C2DBC400FF6767 /* InterviewViewModel.swift */,
				512F3D4A26D3EA5600726EC7 /* TimeSlotViewModel.swift */,
				511A181726CA8F7D00FF6767 /* UserViewModel.swift */,
			);
			path = ViewModels;
			sourceTree = "<group>";
		};
		515F7B0726F0C4F100189806 /* KoHo */ = {
			isa = PBXGroup;
			children = (
				515F7B0B26F0C4F100189806 /* KoHo-Bold.ttf */,
				515F7B0E26F0C4F100189806 /* KoHo-BoldItalic.ttf */,
				515F7B0C26F0C4F100189806 /* KoHo-ExtraLight.ttf */,
				515F7B0F26F0C4F100189806 /* KoHo-ExtraLightItalic.ttf */,
				515F7B1426F0C4F100189806 /* KoHo-Italic.ttf */,
				515F7B0A26F0C4F100189806 /* KoHo-Light.ttf */,
				515F7B1326F0C4F100189806 /* KoHo-LightItalic.ttf */,
				515F7B0826F0C4F100189806 /* KoHo-Medium.ttf */,
				515F7B1026F0C4F100189806 /* KoHo-MediumItalic.ttf */,
				515F7B1126F0C4F100189806 /* KoHo-Regular.ttf */,
				515F7B0926F0C4F100189806 /* KoHo-SemiBold.ttf */,
				515F7B1226F0C4F100189806 /* KoHo-SemiBoldItalic.ttf */,
			);
			path = KoHo;
			sourceTree = "<group>";
		};
		515F7B2226F0C4FF00189806 /* Merriweather */ = {
			isa = PBXGroup;
			children = (
				515F7B2A26F0C4FF00189806 /* Merriweather-Black.ttf */,
				515F7B2726F0C4FF00189806 /* Merriweather-BlackItalic.ttf */,
				515F7B2326F0C4FF00189806 /* Merriweather-Bold.ttf */,
				515F7B2626F0C4FF00189806 /* Merriweather-BoldItalic.ttf */,
				515F7B2926F0C4FF00189806 /* Merriweather-Italic.ttf */,
				515F7B2526F0C4FF00189806 /* Merriweather-Light.ttf */,
				515F7B2B26F0C4FF00189806 /* Merriweather-LightItalic.ttf */,
				515F7B2426F0C4FF00189806 /* Merriweather-Regular.ttf */,
			);
			path = Merriweather;
			sourceTree = "<group>";
		};
		515F7B3526F0F16000189806 /* Merriweather_Sans */ = {
			isa = PBXGroup;
			children = (
				515F7B3626F0F16000189806 /* MerriweatherSans-Italic-VariableFont_wght.ttf */,
				515F7B4426F0F16000189806 /* MerriweatherSans-VariableFont_wght.ttf */,
				515F7B3726F0F16000189806 /* static */,
			);
			path = Merriweather_Sans;
			sourceTree = "<group>";
		};
		515F7B3726F0F16000189806 /* static */ = {
			isa = PBXGroup;
			children = (
				515F7B3A26F0F16000189806 /* MerriweatherSans-Bold.ttf */,
				515F7B3D26F0F16000189806 /* MerriweatherSans-BoldItalic.ttf */,
				515F7B3B26F0F16000189806 /* MerriweatherSans-ExtraBold.ttf */,
				515F7B3826F0F16000189806 /* MerriweatherSans-ExtraBoldItalic.ttf */,
				515F7B3C26F0F16000189806 /* MerriweatherSans-Italic.ttf */,
				515F7B4226F0F16000189806 /* MerriweatherSans-Light.ttf */,
				515F7B3F26F0F16000189806 /* MerriweatherSans-LightItalic.ttf */,
				515F7B4026F0F16000189806 /* MerriweatherSans-Medium.ttf */,
				515F7B3926F0F16000189806 /* MerriweatherSans-MediumItalic.ttf */,
				515F7B3E26F0F16000189806 /* MerriweatherSans-Regular.ttf */,
				515F7B4326F0F16000189806 /* MerriweatherSans-SemiBold.ttf */,
				515F7B4126F0F16000189806 /* MerriweatherSans-SemiBoldItalic.ttf */,
			);
			path = static;
			sourceTree = "<group>";
		};
		516C139D26F0C36300C130ED /* Fonts */ = {
			isa = PBXGroup;
			children = (
				515F7B0726F0C4F100189806 /* KoHo */,
				515F7B2226F0C4FF00189806 /* Merriweather */,
				515F7B3526F0F16000189806 /* Merriweather_Sans */,
			);
			path = Fonts;
			sourceTree = "<group>";
		};
		51ECEDBD26233A2800D4C67E = {
			isa = PBXGroup;
			children = (
				51ECEDC826233A2800D4C67E /* Impresario */,
				51ECEDDA26233A2C00D4C67E /* ImpresarioTests */,
				51ECEDE526233A2C00D4C67E /* ImpresarioUITests */,
				51ECEDC726233A2800D4C67E /* Products */,
			);
			sourceTree = "<group>";
		};
		51ECEDC726233A2800D4C67E /* Products */ = {
			isa = PBXGroup;
			children = (
				51ECEDC626233A2800D4C67E /* Impresario.app */,
				51ECEDD726233A2C00D4C67E /* ImpresarioTests.xctest */,
				51ECEDE226233A2C00D4C67E /* ImpresarioUITests.xctest */,
			);
			name = Products;
			sourceTree = "<group>";
		};
		51ECEDC826233A2800D4C67E /* Impresario */ = {
			isa = PBXGroup;
			children = (
				1C75E3C126CD4DE2006FE925 /* Extensions */,
				51ECEDD226233A2B00D4C67E /* Info.plist */,
				1C75E3EA26CE866B006FE925 /* Infrastructure */,
				51ECEDF726233A6500D4C67E /* Models */,
				51ECEE072623568700D4C67E /* Supporting files */,
				1C8AC8302722FD21004A1982 /* Utils */,
				51ECEDF826233A6F00D4C67E /* Views */,
				511A181B26CBE4F700FF6767 /* ViewModels */,
			);
			path = Impresario;
			sourceTree = "<group>";
		};
		51ECEDDA26233A2C00D4C67E /* ImpresarioTests */ = {
			isa = PBXGroup;
			children = (
				1C8AC82F2722F5E5004A1982 /* Data */,
				51ECEDDB26233A2C00D4C67E /* ImpresarioTests.swift */,
				51ECEDDD26233A2C00D4C67E /* Info.plist */,
				1C0FBE58270C79C400560D7A /* MockAPIGraphQLClient.swift */,
			);
			path = ImpresarioTests;
			sourceTree = "<group>";
		};
		51ECEDE526233A2C00D4C67E /* ImpresarioUITests */ = {
			isa = PBXGroup;
			children = (
				51ECEDE626233A2C00D4C67E /* ImpresarioUITests.swift */,
				51ECEDE826233A2C00D4C67E /* Info.plist */,
			);
			path = ImpresarioUITests;
			sourceTree = "<group>";
		};
		51ECEDF726233A6500D4C67E /* Models */ = {
			isa = PBXGroup;
			children = (
				1C75E3C826CD5642006FE925 /* Event.swift */,
				511A181C26CBE59600FF6767 /* Interview.swift */,
				1C75E3E026CE8247006FE925 /* PhysicalAddress.swift */,
				1C75E3E626CE8270006FE925 /* TimeSlot.swift */,
				511A181926CBE07900FF6767 /* User.swift */,
				1C2E215A2711D58A00958B0F /* VirtualAddress.swift */,
			);
			path = Models;
			sourceTree = "<group>";
		};
		51ECEDF826233A6F00D4C67E /* Views */ = {
			isa = PBXGroup;
			children = (
				5194244A267DE852001EBCAD /* AddEventView.swift */,
				51ECEDFD2623428A00D4C67E /* AuthenticationView.swift */,
				51DBE57D265D51FE0046A366 /* EventDetailView.swift */,
				516EA571264EC32E007E3508 /* EventRowView.swift */,
				516EA57726510610007E3508 /* EventsView.swift */,
				515F7B9326F77ECA00189806 /* EventTimeSlotsView.swift */,
				5132875C26A42F1100D2D6D9 /* EventTimeSlotView.swift */,
				51ECEDC926233A2800D4C67E /* ImpresarioApp.swift */,
				511A181126C9029500FF6767 /* InterviewDetailView.swift */,
				511A180F26C9012B00FF6767 /* InterviewRowView.swift */,
				516EA575265105FB007E3508 /* InterviewsView.swift */,
				516EA573265105B5007E3508 /* MainView.swift */,
				516EA57D26516F35007E3508 /* ProfileView.swift */,
				51ECEE022623429D00D4C67E /* RegisterView.swift */,
				51ECEE1026357E5500D4C67E /* StartView.swift */,
			);
			path = Views;
			sourceTree = "<group>";
		};
		51ECEE072623568700D4C67E /* Supporting files */ = {
			isa = PBXGroup;
			children = (
				51ECEDCD26233A2B00D4C67E /* Assets.xcassets */,
				516C139D26F0C36300C130ED /* Fonts */,
				515F7B5526F22AD700189806 /* Launch Screen.storyboard */,
				51ECEDD026233A2B00D4C67E /* Preview Assets.xcassets */,
			);
			path = "Supporting files";
			sourceTree = "<group>";
		};
/* End PBXGroup section */

/* Begin PBXNativeTarget section */
		51ECEDC526233A2800D4C67E /* Impresario */ = {
			isa = PBXNativeTarget;
			buildConfigurationList = 51ECEDEB26233A2C00D4C67E /* Build configuration list for PBXNativeTarget "Impresario" */;
			buildPhases = (
				516EA58E2654384F007E3508 /* Generate Apollo GraphQL API */,
				51ECEDC226233A2800D4C67E /* Sources */,
				51ECEDC326233A2800D4C67E /* Frameworks */,
				51ECEDC426233A2800D4C67E /* Resources */,
				516EA58A26543763007E3508 /* Embed Frameworks */,
			);
			buildRules = (
			);
			dependencies = (
			);
			name = Impresario;
			packageProductDependencies = (
				516EA58026543763007E3508 /* ApolloCore */,
				516EA58226543763007E3508 /* ApolloSQLite */,
				516EA58426543763007E3508 /* ApolloWebSocket */,
				516EA58626543763007E3508 /* Apollo */,
				516EA58C26543763007E3508 /* ApolloCodegenLib */,
				516EA598265908B6007E3508 /* KeychainSwift */,
			);
			productName = Impresario;
			productReference = 51ECEDC626233A2800D4C67E /* Impresario.app */;
			productType = "com.apple.product-type.application";
		};
		51ECEDD626233A2C00D4C67E /* ImpresarioTests */ = {
			isa = PBXNativeTarget;
			buildConfigurationList = 51ECEDEE26233A2C00D4C67E /* Build configuration list for PBXNativeTarget "ImpresarioTests" */;
			buildPhases = (
				51ECEDD326233A2C00D4C67E /* Sources */,
				51ECEDD426233A2C00D4C67E /* Frameworks */,
				51ECEDD526233A2C00D4C67E /* Resources */,
			);
			buildRules = (
			);
			dependencies = (
				51ECEDD926233A2C00D4C67E /* PBXTargetDependency */,
			);
			name = ImpresarioTests;
			productName = ImpresarioTests;
			productReference = 51ECEDD726233A2C00D4C67E /* ImpresarioTests.xctest */;
			productType = "com.apple.product-type.bundle.unit-test";
		};
		51ECEDE126233A2C00D4C67E /* ImpresarioUITests */ = {
			isa = PBXNativeTarget;
			buildConfigurationList = 51ECEDF126233A2C00D4C67E /* Build configuration list for PBXNativeTarget "ImpresarioUITests" */;
			buildPhases = (
				51ECEDDE26233A2C00D4C67E /* Sources */,
				51ECEDDF26233A2C00D4C67E /* Frameworks */,
				51ECEDE026233A2C00D4C67E /* Resources */,
			);
			buildRules = (
			);
			dependencies = (
				51ECEDE426233A2C00D4C67E /* PBXTargetDependency */,
			);
			name = ImpresarioUITests;
			productName = ImpresarioUITests;
			productReference = 51ECEDE226233A2C00D4C67E /* ImpresarioUITests.xctest */;
			productType = "com.apple.product-type.bundle.ui-testing";
		};
/* End PBXNativeTarget section */

/* Begin PBXProject section */
		51ECEDBE26233A2800D4C67E /* Project object */ = {
			isa = PBXProject;
			attributes = {
				LastSwiftUpdateCheck = 1240;
				LastUpgradeCheck = 1240;
				TargetAttributes = {
					51ECEDC526233A2800D4C67E = {
						CreatedOnToolsVersion = 12.4;
					};
					51ECEDD626233A2C00D4C67E = {
						CreatedOnToolsVersion = 12.4;
						TestTargetID = 51ECEDC526233A2800D4C67E;
					};
					51ECEDE126233A2C00D4C67E = {
						CreatedOnToolsVersion = 12.4;
						TestTargetID = 51ECEDC526233A2800D4C67E;
					};
				};
			};
			buildConfigurationList = 51ECEDC126233A2800D4C67E /* Build configuration list for PBXProject "Impresario" */;
			compatibilityVersion = "Xcode 9.3";
			developmentRegion = en;
			hasScannedForEncodings = 0;
			knownRegions = (
				en,
				Base,
			);
			mainGroup = 51ECEDBD26233A2800D4C67E;
			packageReferences = (
				516EA57F26543763007E3508 /* XCRemoteSwiftPackageReference "apollo-ios" */,
				516EA597265908B5007E3508 /* XCRemoteSwiftPackageReference "keychain-swift" */,
			);
			productRefGroup = 51ECEDC726233A2800D4C67E /* Products */;
			projectDirPath = "";
			projectRoot = "";
			targets = (
				51ECEDC526233A2800D4C67E /* Impresario */,
				51ECEDD626233A2C00D4C67E /* ImpresarioTests */,
				51ECEDE126233A2C00D4C67E /* ImpresarioUITests */,
			);
		};
/* End PBXProject section */

/* Begin PBXResourcesBuildPhase section */
		51ECEDC426233A2800D4C67E /* Resources */ = {
			isa = PBXResourcesBuildPhase;
			buildActionMask = 2147483647;
			files = (
				1C2E2155270DEC2C00958B0F /* user.json in Resources */,
				515F7B3326F0C4FF00189806 /* Merriweather-Black.ttf in Resources */,
				515F7B1D26F0C4F100189806 /* KoHo-MediumItalic.ttf in Resources */,
				515F7B4A26F0F16100189806 /* MerriweatherSans-Italic.ttf in Resources */,
				515F7B2126F0C4F100189806 /* KoHo-Italic.ttf in Resources */,
				515F7B1E26F0C4F100189806 /* KoHo-Regular.ttf in Resources */,
				515F7B2F26F0C4FF00189806 /* Merriweather-BoldItalic.ttf in Resources */,
				515F7B5126F0F16100189806 /* MerriweatherSans-SemiBold.ttf in Resources */,
				515F7B1826F0C4F100189806 /* KoHo-Bold.ttf in Resources */,
				515F7B1926F0C4F100189806 /* KoHo-ExtraLight.ttf in Resources */,
				515F7B4826F0F16100189806 /* MerriweatherSans-Bold.ttf in Resources */,
				515F7B2C26F0C4FF00189806 /* Merriweather-Bold.ttf in Resources */,
				515F7B1B26F0C4F100189806 /* KoHo-BoldItalic.ttf in Resources */,
				515F7B4F26F0F16100189806 /* MerriweatherSans-SemiBoldItalic.ttf in Resources */,
				515F7B1F26F0C4F100189806 /* KoHo-SemiBoldItalic.ttf in Resources */,
				515F7B2D26F0C4FF00189806 /* Merriweather-Regular.ttf in Resources */,
				515F7B1626F0C4F100189806 /* KoHo-SemiBold.ttf in Resources */,
				515F7B3226F0C4FF00189806 /* Merriweather-Italic.ttf in Resources */,
				515F7B1C26F0C4F100189806 /* KoHo-ExtraLightItalic.ttf in Resources */,
				515F7B5626F22AD700189806 /* Launch Screen.storyboard in Resources */,
				515F7B4726F0F16000189806 /* MerriweatherSans-MediumItalic.ttf in Resources */,
				51995B0226BEC37200F3CF26 /* schema.json in Resources */,
				51ECEDD126233A2B00D4C67E /* Preview Assets.xcassets in Resources */,
				515F7B3426F0C4FF00189806 /* Merriweather-LightItalic.ttf in Resources */,
				515F7B4D26F0F16100189806 /* MerriweatherSans-LightItalic.ttf in Resources */,
				1C2E2152270DEB9700958B0F /* interviews.json in Resources */,
				515F7B5226F0F16100189806 /* MerriweatherSans-VariableFont_wght.ttf in Resources */,
				515F7B4B26F0F16100189806 /* MerriweatherSans-BoldItalic.ttf in Resources */,
				515F7B5026F0F16100189806 /* MerriweatherSans-Light.ttf in Resources */,
				515F7B3026F0C4FF00189806 /* Merriweather-BlackItalic.ttf in Resources */,
				515F7B4E26F0F16100189806 /* MerriweatherSans-Medium.ttf in Resources */,
				515F7B4626F0F16000189806 /* MerriweatherSans-ExtraBoldItalic.ttf in Resources */,
				515F7B2E26F0C4FF00189806 /* Merriweather-Light.ttf in Resources */,
				515F7B4526F0F16000189806 /* MerriweatherSans-Italic-VariableFont_wght.ttf in Resources */,
				1C2E2150270DC22F00958B0F /* events.json in Resources */,
				516EA592265443F7007E3508 /* API.graphql in Resources */,
				515F7B2026F0C4F100189806 /* KoHo-LightItalic.ttf in Resources */,
				515F7B4C26F0F16100189806 /* MerriweatherSans-Regular.ttf in Resources */,
				515F7B4926F0F16100189806 /* MerriweatherSans-ExtraBold.ttf in Resources */,
				1C4E684C271478F10013485D /* timeSlot.json in Resources */,
				515F7B1526F0C4F100189806 /* KoHo-Medium.ttf in Resources */,
				51ECEDCE26233A2B00D4C67E /* Assets.xcassets in Resources */,
				515F7B1726F0C4F100189806 /* KoHo-Light.ttf in Resources */,
			);
			runOnlyForDeploymentPostprocessing = 0;
		};
		51ECEDD526233A2C00D4C67E /* Resources */ = {
			isa = PBXResourcesBuildPhase;
			buildActionMask = 2147483647;
			files = (
				1C2E2156270DEC2C00958B0F /* user.json in Resources */,
				1C4E684D271478F10013485D /* timeSlot.json in Resources */,
				1C2E2153270DEB9700958B0F /* interviews.json in Resources */,
				1C0FBE57270C546500560D7A /* events.json in Resources */,
			);
			runOnlyForDeploymentPostprocessing = 0;
		};
		51ECEDE026233A2C00D4C67E /* Resources */ = {
			isa = PBXResourcesBuildPhase;
			buildActionMask = 2147483647;
			files = (
			);
			runOnlyForDeploymentPostprocessing = 0;
		};
/* End PBXResourcesBuildPhase section */

/* Begin PBXShellScriptBuildPhase section */
		516EA58E2654384F007E3508 /* Generate Apollo GraphQL API */ = {
			isa = PBXShellScriptBuildPhase;
			buildActionMask = 2147483647;
			files = (
			);
			inputFileListPaths = (
			);
			inputPaths = (
			);
			name = "Generate Apollo GraphQL API";
			outputFileListPaths = (
			);
			outputPaths = (
			);
			runOnlyForDeploymentPostprocessing = 0;
			shellPath = /bin/sh;
			shellScript = "# Go to the build root and search up the chain to find the Derived Data Path where the source packages are checked out.\nDERIVED_DATA_CANDIDATE=\"${BUILD_ROOT}\"\n\nwhile ! [ -d \"${DERIVED_DATA_CANDIDATE}/SourcePackages\" ]; do\n  if [ \"${DERIVED_DATA_CANDIDATE}\" = / ]; then\n    echo >&2 \"error: Unable to locate SourcePackages directory from BUILD_ROOT: '${BUILD_ROOT}'\"\n    exit 1\n  fi\n\n  DERIVED_DATA_CANDIDATE=\"$(dirname \"${DERIVED_DATA_CANDIDATE}\")\"\ndone\n\n# Grab a reference to the directory where scripts are checked out\nSCRIPT_PATH=\"${DERIVED_DATA_CANDIDATE}/SourcePackages/checkouts/apollo-ios/scripts\"\n\nif [ -z \"${SCRIPT_PATH}\" ]; then\n    echo >&2 \"error: Couldn't find the CLI script in your checked out SPM packages; make sure to add the framework to your project.\"\n    exit 1\nfi\n\ncd \"${SRCROOT}/${TARGET_NAME}\"\n\"${SCRIPT_PATH}\"/run-bundled-codegen.sh codegen:generate --target=swift --includes=./**/Infrastructure/API/*.graphql --localSchemaFile=\"Infrastructure/API/schema.json\" Infrastructure/API/API.swift\n";
		};
/* End PBXShellScriptBuildPhase section */

/* Begin PBXSourcesBuildPhase section */
		51ECEDC226233A2800D4C67E /* Sources */ = {
			isa = PBXSourcesBuildPhase;
			buildActionMask = 2147483647;
			files = (
				519D473526D2B70B0010DABC /* DateFormatter.swift in Sources */,
				5194244B267DE852001EBCAD /* AddEventView.swift in Sources */,
				511A180C26C2DBC400FF6767 /* InterviewViewModel.swift in Sources */,
				515F7B9426F77ECA00189806 /* EventTimeSlotsView.swift in Sources */,
				516EA5A4265CDA71007E3508 /* EventViewModel.swift in Sources */,
				516EA574265105B5007E3508 /* MainView.swift in Sources */,
				516EA57826510610007E3508 /* EventsView.swift in Sources */,
				1C75E3C926CD5642006FE925 /* Event.swift in Sources */,
				1CD038EF2700C80500CD9F3B /* MapViewer.swift in Sources */,
				1C75E3E726CE8270006FE925 /* TimeSlot.swift in Sources */,
				516EA57E26516F35007E3508 /* ProfileView.swift in Sources */,
				1C0FBE5F270C870100560D7A /* APIManager.swift in Sources */,
				518478C4269F469C00C9AE34 /* EventsViewModel.swift in Sources */,
				519D473726D2BAA50010DABC /* Interview+.swift in Sources */,
				1C8AC83427231121004A1982 /* API.swift in Sources */,
				511A180E26C2DBD600FF6767 /* InterviewsViewModel.swift in Sources */,
				516EA59D265C0902007E3508 /* TokenAddingInterceptor.swift in Sources */,
				51DBE57E265D51FE0046A366 /* EventDetailView.swift in Sources */,
				5132875D26A42F1100D2D6D9 /* EventTimeSlotView.swift in Sources */,
				516EA572264EC32E007E3508 /* EventRowView.swift in Sources */,
				51ECEE032623429D00D4C67E /* RegisterView.swift in Sources */,
				511A181D26CBE59600FF6767 /* Interview.swift in Sources */,
				1C0FBE5D270C861A00560D7A /* APIClientProtocol.swift in Sources */,
				519D473326D2B6810010DABC /* Event+.swift in Sources */,
				51ECEE1126357E5500D4C67E /* StartView.swift in Sources */,
				1C2E215B2711D58A00958B0F /* VirtualAddress.swift in Sources */,
				516EA5A2265C18E8007E3508 /* NetworkInterceptorProvider.swift in Sources */,
				512F3D4B26D3EA5600726EC7 /* TimeSlotViewModel.swift in Sources */,
				511A181826CA8F7D00FF6767 /* UserViewModel.swift in Sources */,
				51ECEDCA26233A2800D4C67E /* ImpresarioApp.swift in Sources */,
				516EA576265105FB007E3508 /* InterviewsView.swift in Sources */,
				1C08F79426DE720C005C3999 /* View+.swift in Sources */,
				511A181026C9012B00FF6767 /* InterviewRowView.swift in Sources */,
				1C0FBE5B270C857A00560D7A /* APIGraphQLClient.swift in Sources */,
				1C08F77626D673F0005C3999 /* AlertViewer.swift in Sources */,
				511A181226C9029500FF6767 /* InterviewDetailView.swift in Sources */,
				51ECEDFE2623428A00D4C67E /* AuthenticationView.swift in Sources */,
				511A181A26CBE07900FF6767 /* User.swift in Sources */,
				519D473926D2BEAE0010DABC /* TimeSlot+.swift in Sources */,
				1C75E3E126CE8247006FE925 /* PhysicalAddress.swift in Sources */,
			);
			runOnlyForDeploymentPostprocessing = 0;
		};
		51ECEDD326233A2C00D4C67E /* Sources */ = {
			isa = PBXSourcesBuildPhase;
			buildActionMask = 2147483647;
			files = (
				51ECEDDC26233A2C00D4C67E /* ImpresarioTests.swift in Sources */,
				1C0FBE59270C79C400560D7A /* MockAPIGraphQLClient.swift in Sources */,
			);
			runOnlyForDeploymentPostprocessing = 0;
		};
		51ECEDDE26233A2C00D4C67E /* Sources */ = {
			isa = PBXSourcesBuildPhase;
			buildActionMask = 2147483647;
			files = (
				51ECEDE726233A2C00D4C67E /* ImpresarioUITests.swift in Sources */,
			);
			runOnlyForDeploymentPostprocessing = 0;
		};
/* End PBXSourcesBuildPhase section */

/* Begin PBXTargetDependency section */
		51ECEDD926233A2C00D4C67E /* PBXTargetDependency */ = {
			isa = PBXTargetDependency;
			target = 51ECEDC526233A2800D4C67E /* Impresario */;
			targetProxy = 51ECEDD826233A2C00D4C67E /* PBXContainerItemProxy */;
		};
		51ECEDE426233A2C00D4C67E /* PBXTargetDependency */ = {
			isa = PBXTargetDependency;
			target = 51ECEDC526233A2800D4C67E /* Impresario */;
			targetProxy = 51ECEDE326233A2C00D4C67E /* PBXContainerItemProxy */;
		};
/* End PBXTargetDependency section */

/* Begin XCBuildConfiguration section */
		51ECEDE926233A2C00D4C67E /* Debug */ = {
			isa = XCBuildConfiguration;
			buildSettings = {
				ALWAYS_SEARCH_USER_PATHS = NO;
				CLANG_ANALYZER_NONNULL = YES;
				CLANG_ANALYZER_NUMBER_OBJECT_CONVERSION = YES_AGGRESSIVE;
				CLANG_CXX_LANGUAGE_STANDARD = "gnu++14";
				CLANG_CXX_LIBRARY = "libc++";
				CLANG_ENABLE_MODULES = YES;
				CLANG_ENABLE_OBJC_ARC = YES;
				CLANG_ENABLE_OBJC_WEAK = YES;
				CLANG_WARN_BLOCK_CAPTURE_AUTORELEASING = YES;
				CLANG_WARN_BOOL_CONVERSION = YES;
				CLANG_WARN_COMMA = YES;
				CLANG_WARN_CONSTANT_CONVERSION = YES;
				CLANG_WARN_DEPRECATED_OBJC_IMPLEMENTATIONS = YES;
				CLANG_WARN_DIRECT_OBJC_ISA_USAGE = YES_ERROR;
				CLANG_WARN_DOCUMENTATION_COMMENTS = YES;
				CLANG_WARN_EMPTY_BODY = YES;
				CLANG_WARN_ENUM_CONVERSION = YES;
				CLANG_WARN_INFINITE_RECURSION = YES;
				CLANG_WARN_INT_CONVERSION = YES;
				CLANG_WARN_NON_LITERAL_NULL_CONVERSION = YES;
				CLANG_WARN_OBJC_IMPLICIT_RETAIN_SELF = YES;
				CLANG_WARN_OBJC_LITERAL_CONVERSION = YES;
				CLANG_WARN_OBJC_ROOT_CLASS = YES_ERROR;
				CLANG_WARN_QUOTED_INCLUDE_IN_FRAMEWORK_HEADER = YES;
				CLANG_WARN_RANGE_LOOP_ANALYSIS = YES;
				CLANG_WARN_STRICT_PROTOTYPES = YES;
				CLANG_WARN_SUSPICIOUS_MOVE = YES;
				CLANG_WARN_UNGUARDED_AVAILABILITY = YES_AGGRESSIVE;
				CLANG_WARN_UNREACHABLE_CODE = YES;
				CLANG_WARN__DUPLICATE_METHOD_MATCH = YES;
				COPY_PHASE_STRIP = NO;
				DEBUG_INFORMATION_FORMAT = dwarf;
				ENABLE_STRICT_OBJC_MSGSEND = YES;
				ENABLE_TESTABILITY = YES;
				GCC_C_LANGUAGE_STANDARD = gnu11;
				GCC_DYNAMIC_NO_PIC = NO;
				GCC_NO_COMMON_BLOCKS = YES;
				GCC_OPTIMIZATION_LEVEL = 0;
				GCC_PREPROCESSOR_DEFINITIONS = (
					"DEBUG=1",
					"$(inherited)",
				);
				GCC_WARN_64_TO_32_BIT_CONVERSION = YES;
				GCC_WARN_ABOUT_RETURN_TYPE = YES_ERROR;
				GCC_WARN_UNDECLARED_SELECTOR = YES;
				GCC_WARN_UNINITIALIZED_AUTOS = YES_AGGRESSIVE;
				GCC_WARN_UNUSED_FUNCTION = YES;
				GCC_WARN_UNUSED_VARIABLE = YES;
				IPHONEOS_DEPLOYMENT_TARGET = 14.4;
				MTL_ENABLE_DEBUG_INFO = INCLUDE_SOURCE;
				MTL_FAST_MATH = YES;
				ONLY_ACTIVE_ARCH = YES;
				SDKROOT = iphoneos;
				SWIFT_ACTIVE_COMPILATION_CONDITIONS = DEBUG;
				SWIFT_OPTIMIZATION_LEVEL = "-Onone";
			};
			name = Debug;
		};
		51ECEDEA26233A2C00D4C67E /* Release */ = {
			isa = XCBuildConfiguration;
			buildSettings = {
				ALWAYS_SEARCH_USER_PATHS = NO;
				CLANG_ANALYZER_NONNULL = YES;
				CLANG_ANALYZER_NUMBER_OBJECT_CONVERSION = YES_AGGRESSIVE;
				CLANG_CXX_LANGUAGE_STANDARD = "gnu++14";
				CLANG_CXX_LIBRARY = "libc++";
				CLANG_ENABLE_MODULES = YES;
				CLANG_ENABLE_OBJC_ARC = YES;
				CLANG_ENABLE_OBJC_WEAK = YES;
				CLANG_WARN_BLOCK_CAPTURE_AUTORELEASING = YES;
				CLANG_WARN_BOOL_CONVERSION = YES;
				CLANG_WARN_COMMA = YES;
				CLANG_WARN_CONSTANT_CONVERSION = YES;
				CLANG_WARN_DEPRECATED_OBJC_IMPLEMENTATIONS = YES;
				CLANG_WARN_DIRECT_OBJC_ISA_USAGE = YES_ERROR;
				CLANG_WARN_DOCUMENTATION_COMMENTS = YES;
				CLANG_WARN_EMPTY_BODY = YES;
				CLANG_WARN_ENUM_CONVERSION = YES;
				CLANG_WARN_INFINITE_RECURSION = YES;
				CLANG_WARN_INT_CONVERSION = YES;
				CLANG_WARN_NON_LITERAL_NULL_CONVERSION = YES;
				CLANG_WARN_OBJC_IMPLICIT_RETAIN_SELF = YES;
				CLANG_WARN_OBJC_LITERAL_CONVERSION = YES;
				CLANG_WARN_OBJC_ROOT_CLASS = YES_ERROR;
				CLANG_WARN_QUOTED_INCLUDE_IN_FRAMEWORK_HEADER = YES;
				CLANG_WARN_RANGE_LOOP_ANALYSIS = YES;
				CLANG_WARN_STRICT_PROTOTYPES = YES;
				CLANG_WARN_SUSPICIOUS_MOVE = YES;
				CLANG_WARN_UNGUARDED_AVAILABILITY = YES_AGGRESSIVE;
				CLANG_WARN_UNREACHABLE_CODE = YES;
				CLANG_WARN__DUPLICATE_METHOD_MATCH = YES;
				COPY_PHASE_STRIP = NO;
				DEBUG_INFORMATION_FORMAT = "dwarf-with-dsym";
				ENABLE_NS_ASSERTIONS = NO;
				ENABLE_STRICT_OBJC_MSGSEND = YES;
				GCC_C_LANGUAGE_STANDARD = gnu11;
				GCC_NO_COMMON_BLOCKS = YES;
				GCC_WARN_64_TO_32_BIT_CONVERSION = YES;
				GCC_WARN_ABOUT_RETURN_TYPE = YES_ERROR;
				GCC_WARN_UNDECLARED_SELECTOR = YES;
				GCC_WARN_UNINITIALIZED_AUTOS = YES_AGGRESSIVE;
				GCC_WARN_UNUSED_FUNCTION = YES;
				GCC_WARN_UNUSED_VARIABLE = YES;
				IPHONEOS_DEPLOYMENT_TARGET = 14.4;
				MTL_ENABLE_DEBUG_INFO = NO;
				MTL_FAST_MATH = YES;
				SDKROOT = iphoneos;
				SWIFT_COMPILATION_MODE = wholemodule;
				SWIFT_OPTIMIZATION_LEVEL = "-O";
				VALIDATE_PRODUCT = YES;
			};
			name = Release;
		};
		51ECEDEC26233A2C00D4C67E /* Debug */ = {
			isa = XCBuildConfiguration;
			buildSettings = {
				ASSETCATALOG_COMPILER_APPICON_NAME = AppIcon;
				ASSETCATALOG_COMPILER_GLOBAL_ACCENT_COLOR_NAME = AccentColor;
				CODE_SIGN_STYLE = Automatic;
				CURRENT_PROJECT_VERSION = 4;
				DEVELOPMENT_ASSET_PATHS = "\"Impresario/Supporting files\"";
				DEVELOPMENT_TEAM = 8B72U9J467;
				ENABLE_PREVIEWS = YES;
				INFOPLIST_FILE = Impresario/Info.plist;
				IPHONEOS_DEPLOYMENT_TARGET = 14.0;
				LD_RUNPATH_SEARCH_PATHS = (
					"$(inherited)",
					"@executable_path/Frameworks",
				);
				PRODUCT_BUNDLE_IDENTIFIER = com.appsolument.impresario;
				PRODUCT_NAME = "$(TARGET_NAME)";
				SWIFT_VERSION = 5.0;
				TARGETED_DEVICE_FAMILY = 1;
			};
			name = Debug;
		};
		51ECEDED26233A2C00D4C67E /* Release */ = {
			isa = XCBuildConfiguration;
			buildSettings = {
				ASSETCATALOG_COMPILER_APPICON_NAME = AppIcon;
				ASSETCATALOG_COMPILER_GLOBAL_ACCENT_COLOR_NAME = AccentColor;
				CODE_SIGN_STYLE = Automatic;
				CURRENT_PROJECT_VERSION = 4;
				DEVELOPMENT_ASSET_PATHS = "\"Impresario/Supporting files\"";
				DEVELOPMENT_TEAM = 8B72U9J467;
				ENABLE_PREVIEWS = YES;
				INFOPLIST_FILE = Impresario/Info.plist;
				IPHONEOS_DEPLOYMENT_TARGET = 14.0;
				LD_RUNPATH_SEARCH_PATHS = (
					"$(inherited)",
					"@executable_path/Frameworks",
				);
				PRODUCT_BUNDLE_IDENTIFIER = com.appsolument.impresario;
				PRODUCT_NAME = "$(TARGET_NAME)";
				SWIFT_VERSION = 5.0;
				TARGETED_DEVICE_FAMILY = 1;
			};
			name = Release;
		};
		51ECEDEF26233A2C00D4C67E /* Debug */ = {
			isa = XCBuildConfiguration;
			buildSettings = {
				ALWAYS_EMBED_SWIFT_STANDARD_LIBRARIES = YES;
				BUNDLE_LOADER = "$(TEST_HOST)";
				CODE_SIGN_STYLE = Automatic;
				DEVELOPMENT_TEAM = 8B72U9J467;
				INFOPLIST_FILE = ImpresarioTests/Info.plist;
				IPHONEOS_DEPLOYMENT_TARGET = 14.0;
				LD_RUNPATH_SEARCH_PATHS = (
					"$(inherited)",
					"@executable_path/Frameworks",
					"@loader_path/Frameworks",
				);
				PRODUCT_BUNDLE_IDENTIFIER = com.arnauddalbin.ImpresarioTests;
				PRODUCT_NAME = "$(TARGET_NAME)";
				SWIFT_VERSION = 5.0;
				TARGETED_DEVICE_FAMILY = "1,2";
				TEST_HOST = "$(BUILT_PRODUCTS_DIR)/Impresario.app/Impresario";
			};
			name = Debug;
		};
		51ECEDF026233A2C00D4C67E /* Release */ = {
			isa = XCBuildConfiguration;
			buildSettings = {
				ALWAYS_EMBED_SWIFT_STANDARD_LIBRARIES = YES;
				BUNDLE_LOADER = "$(TEST_HOST)";
				CODE_SIGN_STYLE = Automatic;
				DEVELOPMENT_TEAM = 8B72U9J467;
				INFOPLIST_FILE = ImpresarioTests/Info.plist;
				IPHONEOS_DEPLOYMENT_TARGET = 14.0;
				LD_RUNPATH_SEARCH_PATHS = (
					"$(inherited)",
					"@executable_path/Frameworks",
					"@loader_path/Frameworks",
				);
				PRODUCT_BUNDLE_IDENTIFIER = com.arnauddalbin.ImpresarioTests;
				PRODUCT_NAME = "$(TARGET_NAME)";
				SWIFT_VERSION = 5.0;
				TARGETED_DEVICE_FAMILY = "1,2";
				TEST_HOST = "$(BUILT_PRODUCTS_DIR)/Impresario.app/Impresario";
			};
			name = Release;
		};
		51ECEDF226233A2C00D4C67E /* Debug */ = {
			isa = XCBuildConfiguration;
			buildSettings = {
				ALWAYS_EMBED_SWIFT_STANDARD_LIBRARIES = YES;
				"CODE_SIGN_IDENTITY[sdk=macosx*]" = "Apple Development";
				CODE_SIGN_STYLE = Automatic;
				DEVELOPMENT_TEAM = 8B72U9J467;
				INFOPLIST_FILE = ImpresarioUITests/Info.plist;
				LD_RUNPATH_SEARCH_PATHS = (
					"$(inherited)",
					"@executable_path/Frameworks",
					"@loader_path/Frameworks",
				);
				PRODUCT_BUNDLE_IDENTIFIER = com.arnauddalbin.ImpresarioUITests;
				PRODUCT_NAME = "$(TARGET_NAME)";
				SWIFT_VERSION = 5.0;
				TARGETED_DEVICE_FAMILY = "1,2";
				TEST_TARGET_NAME = Impresario;
			};
			name = Debug;
		};
		51ECEDF326233A2C00D4C67E /* Release */ = {
			isa = XCBuildConfiguration;
			buildSettings = {
				ALWAYS_EMBED_SWIFT_STANDARD_LIBRARIES = YES;
				"CODE_SIGN_IDENTITY[sdk=macosx*]" = "Apple Development";
				CODE_SIGN_STYLE = Automatic;
				DEVELOPMENT_TEAM = 8B72U9J467;
				INFOPLIST_FILE = ImpresarioUITests/Info.plist;
				LD_RUNPATH_SEARCH_PATHS = (
					"$(inherited)",
					"@executable_path/Frameworks",
					"@loader_path/Frameworks",
				);
				PRODUCT_BUNDLE_IDENTIFIER = com.arnauddalbin.ImpresarioUITests;
				PRODUCT_NAME = "$(TARGET_NAME)";
				SWIFT_VERSION = 5.0;
				TARGETED_DEVICE_FAMILY = "1,2";
				TEST_TARGET_NAME = Impresario;
			};
			name = Release;
		};
/* End XCBuildConfiguration section */

/* Begin XCConfigurationList section */
		51ECEDC126233A2800D4C67E /* Build configuration list for PBXProject "Impresario" */ = {
			isa = XCConfigurationList;
			buildConfigurations = (
				51ECEDE926233A2C00D4C67E /* Debug */,
				51ECEDEA26233A2C00D4C67E /* Release */,
			);
			defaultConfigurationIsVisible = 0;
			defaultConfigurationName = Release;
		};
		51ECEDEB26233A2C00D4C67E /* Build configuration list for PBXNativeTarget "Impresario" */ = {
			isa = XCConfigurationList;
			buildConfigurations = (
				51ECEDEC26233A2C00D4C67E /* Debug */,
				51ECEDED26233A2C00D4C67E /* Release */,
			);
			defaultConfigurationIsVisible = 0;
			defaultConfigurationName = Release;
		};
		51ECEDEE26233A2C00D4C67E /* Build configuration list for PBXNativeTarget "ImpresarioTests" */ = {
			isa = XCConfigurationList;
			buildConfigurations = (
				51ECEDEF26233A2C00D4C67E /* Debug */,
				51ECEDF026233A2C00D4C67E /* Release */,
			);
			defaultConfigurationIsVisible = 0;
			defaultConfigurationName = Release;
		};
		51ECEDF126233A2C00D4C67E /* Build configuration list for PBXNativeTarget "ImpresarioUITests" */ = {
			isa = XCConfigurationList;
			buildConfigurations = (
				51ECEDF226233A2C00D4C67E /* Debug */,
				51ECEDF326233A2C00D4C67E /* Release */,
			);
			defaultConfigurationIsVisible = 0;
			defaultConfigurationName = Release;
		};
/* End XCConfigurationList section */

/* Begin XCRemoteSwiftPackageReference section */
		516EA57F26543763007E3508 /* XCRemoteSwiftPackageReference "apollo-ios" */ = {
			isa = XCRemoteSwiftPackageReference;
			repositoryURL = "https://github.com/apollographql/apollo-ios.git";
			requirement = {
				kind = upToNextMinorVersion;
				minimumVersion = 0.43.0;
			};
		};
		516EA597265908B5007E3508 /* XCRemoteSwiftPackageReference "keychain-swift" */ = {
			isa = XCRemoteSwiftPackageReference;
			repositoryURL = "https://github.com/evgenyneu/keychain-swift.git";
			requirement = {
				kind = upToNextMajorVersion;
				minimumVersion = 19.0.0;
			};
		};
/* End XCRemoteSwiftPackageReference section */

/* Begin XCSwiftPackageProductDependency section */
		516EA58026543763007E3508 /* ApolloCore */ = {
			isa = XCSwiftPackageProductDependency;
			package = 516EA57F26543763007E3508 /* XCRemoteSwiftPackageReference "apollo-ios" */;
			productName = ApolloCore;
		};
		516EA58226543763007E3508 /* ApolloSQLite */ = {
			isa = XCSwiftPackageProductDependency;
			package = 516EA57F26543763007E3508 /* XCRemoteSwiftPackageReference "apollo-ios" */;
			productName = ApolloSQLite;
		};
		516EA58426543763007E3508 /* ApolloWebSocket */ = {
			isa = XCSwiftPackageProductDependency;
			package = 516EA57F26543763007E3508 /* XCRemoteSwiftPackageReference "apollo-ios" */;
			productName = ApolloWebSocket;
		};
		516EA58626543763007E3508 /* Apollo */ = {
			isa = XCSwiftPackageProductDependency;
			package = 516EA57F26543763007E3508 /* XCRemoteSwiftPackageReference "apollo-ios" */;
			productName = Apollo;
		};
		516EA58C26543763007E3508 /* ApolloCodegenLib */ = {
			isa = XCSwiftPackageProductDependency;
			package = 516EA57F26543763007E3508 /* XCRemoteSwiftPackageReference "apollo-ios" */;
			productName = ApolloCodegenLib;
		};
		516EA598265908B6007E3508 /* KeychainSwift */ = {
			isa = XCSwiftPackageProductDependency;
			package = 516EA597265908B5007E3508 /* XCRemoteSwiftPackageReference "keychain-swift" */;
			productName = KeychainSwift;
		};
/* End XCSwiftPackageProductDependency section */
	};
	rootObject = 51ECEDBE26233A2800D4C67E /* Project object */;
}
